Microsoft Visual Studio Solution File, Format Version 11.00
# Visual Studio 2008

Project("{81B6B747-6AEC-8784-10EF-341AD9C32868}") = "F3Scenes", "Assembly-CSharp.csproj", "{47735A4B-DAF2-D5BD-4C9D-5DB6E4A72047}"
EndProject
Project("{81B6B747-6AEC-8784-10EF-341AD9C32868}") = "F3Scenes", "Assembly-CSharp-Editor.csproj", "{22D2DBE3-CA9D-6897-EFB8-424212DCF004}"
EndProject
Project("{81B6B747-6AEC-8784-10EF-341AD9C32868}") = "F3Scenes", "Assembly-UnityScript-Editor-firstpass.unityproj", "{0BA9D2B7-A667-DD6F-51BC-31A6A11A9E30}"
EndProject
Global
	GlobalSection(SolutionConfigurationPlatforms) = preSolution
		Debug|Any CPU = Debug|Any CPU
		Release|Any CPU = Release|Any CPU
	EndGlobalSection
	GlobalSection(ProjectConfigurationPlatforms) = postSolution
		{47735A4B-DAF2-D5BD-4C9D-5DB6E4A72047}.Debug|Any CPU.ActiveCfg = Debug|Any CPU
		{47735A4B-DAF2-D5BD-4C9D-5DB6E4A72047}.Debug|Any CPU.Build.0 = Debug|Any CPU
		{47735A4B-DAF2-D5BD-4C9D-5DB6E4A72047}.Release|Any CPU.ActiveCfg = Release|Any CPU
		{47735A4B-DAF2-D5BD-4C9D-5DB6E4A72047}.Release|Any CPU.Build.0 = Release|Any CPU
		{22D2DBE3-CA9D-6897-EFB8-424212DCF004}.Debug|Any CPU.ActiveCfg = Debug|Any CPU
		{22D2DBE3-CA9D-6897-EFB8-424212DCF004}.Debug|Any CPU.Build.0 = Debug|Any CPU
		{22D2DBE3-CA9D-6897-EFB8-424212DCF004}.Release|Any CPU.ActiveCfg = Release|Any CPU
		{22D2DBE3-CA9D-6897-EFB8-424212DCF004}.Release|Any CPU.Build.0 = Release|Any CPU
		{0BA9D2B7-A667-DD6F-51BC-31A6A11A9E30}.Debug|Any CPU.ActiveCfg = Debug|Any CPU
		{0BA9D2B7-A667-DD6F-51BC-31A6A11A9E30}.Debug|Any CPU.Build.0 = Debug|Any CPU
		{0BA9D2B7-A667-DD6F-51BC-31A6A11A9E30}.Release|Any CPU.ActiveCfg = Release|Any CPU
		{0BA9D2B7-A667-DD6F-51BC-31A6A11A9E30}.Release|Any CPU.Build.0 = Release|Any CPU
	EndGlobalSection
	GlobalSection(SolutionProperties) = preSolution
		HideSolutionNode = FALSE
	EndGlobalSection
															GlobalSection(MonoDevelopProperties) = preSolution
		StartupItem = Assembly-CSharp.csproj
		Policies = $0
		$0.TextStylePolicy = $1
		$1.inheritsSet = null
		$1.scope = text/x-csharp
		$0.CSharpFormattingPolicy = $2
		$2.inheritsSet = Mono
		$2.inheritsScope = text/x-csharp
		$2.scope = text/x-csharp
		$0.TextStylePolicy = $3
		$3.FileWidth = 120
		$3.TabWidth = 4
		$3.EolMarker = Unix
		$3.inheritsSet = Mono
		$3.inheritsScope = text/plain
		$3.scope = text/plain
	EndGlobalSection

EndGlobal
